# THIS IS AN AUTOGENERATED FILE. DO NOT EDIT THIS FILE DIRECTLY.
# yarn lockfile v1


"@tanstack/pacer@^0.8.0":
  version "0.8.0"
  resolved "https://registry.yarnpkg.com/@tanstack/pacer/-/pacer-0.8.0.tgz#1c29c3863af65bbab6fef4ebb71a440a256af9ed"
  integrity sha512-wh9um4sF37woA9M/Pf05eyl30/V8RYN5x06yDQIhdJ+dB4YsQUR7qt+gIyGmygutFvqTMKDERXSC7NLIBZND9Q==
